
Microsoft Visual Studio Solution File, Format Version 12.00
# Visual Studio Version 16
VisualStudioVersion = 16.0.31005.135
MinimumVisualStudioVersion = 10.0.40219.1
Project("{9A19103F-16F7-4668-BE54-9A1E7A4F7556}") = "merican-railway", "merican-railway.csproj", "{121D36F5-EE02-4563-A379-78DBD9FA43C3}"
EndProject
Global
	GlobalSection(SolutionConfigurationPlatforms) = preSolution
		Debug|Any CPU = Debug|Any CPU
		Release|Any CPU = Release|Any CPU
	EndGlobalSection
	GlobalSection(ProjectConfigurationPlatforms) = postSolution
		{121D36F5-EE02-4563-A379-78DBD9FA43C3}.Debug|Any CPU.ActiveCfg = Debug|Any CPU
		{121D36F5-EE02-4563-A379-78DBD9FA43C3}.Debug|Any CPU.Build.0 = Debug|Any CPU
		{121D36F5-EE02-4563-A379-78DBD9FA43C3}.Release|Any CPU.ActiveCfg = Release|Any CPU
		{121D36F5-EE02-4563-A379-78DBD9FA43C3}.Release|Any CPU.Build.0 = Release|Any CPU
	EndGlobalSection
	GlobalSection(SolutionProperties) = preSolution
		HideSolutionNode = FALSE
	EndGlobalSection
	GlobalSection(ExtensibilityGlobals) = postSolution
		SolutionGuid = {3F4095B2-3546-4FFE-A8B5-30C624CE6A91}
	EndGlobalSection
EndGlobal
